
Microsoft Visual Studio Solution File, Format Version 12.00
# Visual Studio Version 17
VisualStudioVersion = 17.0.31903.59
MinimumVisualStudioVersion = 10.0.40219.1
Project("{9A19103F-16F7-4668-BE54-9A1E7A4F7556}") = "App.Application", "App.Application.csproj", "{A82BB00E-A1EA-48AC-BC9E-B58BB416E248}"
EndProject
Project("{FAE04EC0-301F-11D3-BF4B-00C04F79EFBC}") = "App.Application.Test", "..\App.Application.Test\App.Application.Test.csproj", "{3A27B57C-6772-450B-9420-0BCF0055727C}"
EndProject
Global
	GlobalSection(SolutionConfigurationPlatforms) = preSolution
		Debug|Any CPU = Debug|Any CPU
		Release|Any CPU = Release|Any CPU
	EndGlobalSection
	GlobalSection(ProjectConfigurationPlatforms) = postSolution
		{A82BB00E-A1EA-48AC-BC9E-B58BB416E248}.Debug|Any CPU.ActiveCfg = Debug|Any CPU
		{A82BB00E-A1EA-48AC-BC9E-B58BB416E248}.Debug|Any CPU.Build.0 = Debug|Any CPU
		{A82BB00E-A1EA-48AC-BC9E-B58BB416E248}.Release|Any CPU.ActiveCfg = Release|Any CPU
		{A82BB00E-A1EA-48AC-BC9E-B58BB416E248}.Release|Any CPU.Build.0 = Release|Any CPU
		{3A27B57C-6772-450B-9420-0BCF0055727C}.Debug|Any CPU.ActiveCfg = Debug|Any CPU
		{3A27B57C-6772-450B-9420-0BCF0055727C}.Debug|Any CPU.Build.0 = Debug|Any CPU
		{3A27B57C-6772-450B-9420-0BCF0055727C}.Release|Any CPU.ActiveCfg = Release|Any CPU
		{3A27B57C-6772-450B-9420-0BCF0055727C}.Release|Any CPU.Build.0 = Release|Any CPU
	EndGlobalSection
	GlobalSection(SolutionProperties) = preSolution
		HideSolutionNode = FALSE
	EndGlobalSection
	GlobalSection(ExtensibilityGlobals) = postSolution
		SolutionGuid = {5B48265C-38A7-426F-9F0D-5434956D8731}
	EndGlobalSection
EndGlobal
